// !$*UTF8*$!
{
	archiveVersion = 1;
	classes = {
	};
	objectVersion = 48;
	objects = {

/* Begin PBXBuildFile section */
		E2396EEB1F867CA70040E2A7 /* close.png in Resources */ = {isa = PBXBuildFile; fileRef = E2396EEA1F867CA70040E2A7 /* close.png */; };
		E2C582E81F852149006C5FA8 /* AppDelegate.m in Sources */ = {isa = PBXBuildFile; fileRef = E2C582E71F852149006C5FA8 /* AppDelegate.m */; };
		E2C582EB1F852149006C5FA8 /* ViewController.m in Sources */ = {isa = PBXBuildFile; fileRef = E2C582EA1F852149006C5FA8 /* ViewController.m */; };
		E2C582F31F852149006C5FA8 /* LaunchScreen.storyboard in Resources */ = {isa = PBXBuildFile; fileRef = E2C582F11F852149006C5FA8 /* LaunchScreen.storyboard */; };
		E2C582F61F852149006C5FA8 /* main.m in Sources */ = {isa = PBXBuildFile; fileRef = E2C582F51F852149006C5FA8 /* main.m */; };
		E2C582FE1F8523D9006C5FA8 /* ChannelView.m in Sources */ = {isa = PBXBuildFile; fileRef = E2C582FD1F8523D9006C5FA8 /* ChannelView.m */; };
		E2C583031F85271E006C5FA8 /* ChannelBtn.m in Sources */ = {isa = PBXBuildFile; fileRef = E2C583021F85271E006C5FA8 /* ChannelBtn.m */; };
/* End PBXBuildFile section */

/* Begin PBXFileReference section */
		E2396EE91F866A150040E2A7 /* page-Prefix.pch */ = {isa = PBXFileReference; lastKnownFileType = sourcecode.c.h; path = "page-Prefix.pch"; sourceTree = "<group>"; };
		E2396EEA1F867CA70040E2A7 /* close.png */ = {isa = PBXFileReference; lastKnownFileType = image.png; path = close.png; sourceTree = "<group>"; };
		E2C582E31F852149006C5FA8 /* dmyTagPage.app */ = {isa = PBXFileReference; explicitFileType = wrapper.application; includeInIndex = 0; path = dmyTagPage.app; sourceTree = BUILT_PRODUCTS_DIR; };
		E2C582E61F852149006C5FA8 /* AppDelegate.h */ = {isa = PBXFileReference; lastKnownFileType = sourcecode.c.h; path = AppDelegate.h; sourceTree = "<group>"; };
		E2C582E71F852149006C5FA8 /* AppDelegate.m */ = {isa = PBXFileReference; lastKnownFileType = sourcecode.c.objc; path = AppDelegate.m; sourceTree = "<group>"; };
		E2C582E91F852149006C5FA8 /* ViewController.h */ = {isa = PBXFileReference; lastKnownFileType = sourcecode.c.h; path = ViewController.h; sourceTree = "<group>"; };
		E2C582EA1F852149006C5FA8 /* ViewController.m */ = {isa = PBXFileReference; lastKnownFileType = sourcecode.c.objc; path = ViewController.m; sourceTree = "<group>"; };
		E2C582F21F852149006C5FA8 /* Base */ = {isa = PBXFileReference; lastKnownFileType = file.storyboard; name = Base; path = Base.lproj/LaunchScreen.storyboard; sourceTree = "<group>"; };
		E2C582F41F852149006C5FA8 /* Info.plist */ = {isa = PBXFileReference; lastKnownFileType = text.plist.xml; path = Info.plist; sourceTree = "<group>"; };
		E2C582F51F852149006C5FA8 /* main.m */ = {isa = PBXFileReference; lastKnownFileType = sourcecode.c.objc; path = main.m; sourceTree = "<group>"; };
		E2C582FC1F8523D9006C5FA8 /* ChannelView.h */ = {isa = PBXFileReference; lastKnownFileType = sourcecode.c.h; path = ChannelView.h; sourceTree = "<group>"; };
		E2C582FD1F8523D9006C5FA8 /* ChannelView.m */ = {isa = PBXFileReference; lastKnownFileType = sourcecode.c.objc; path = ChannelView.m; sourceTree = "<group>"; };
		E2C582FF1F852547006C5FA8 /* ChannelBtn.h */ = {isa = PBXFileReference; lastKnownFileType = sourcecode.c.h; path = ChannelBtn.h; sourceTree = "<group>"; };
		E2C583021F85271E006C5FA8 /* ChannelBtn.m */ = {isa = PBXFileReference; fileEncoding = 4; lastKnownFileType = sourcecode.c.objc; path = ChannelBtn.m; sourceTree = "<group>"; };
/* End PBXFileReference section */

/* Begin PBXFrameworksBuildPhase section */
		E2C582E01F852149006C5FA8 /* Frameworks */ = {
			isa = PBXFrameworksBuildPhase;
			buildActionMask = 2147483647;
			files = (
			);
			runOnlyForDeploymentPostprocessing = 0;
		};
/* End PBXFrameworksBuildPhase section */

/* Begin PBXGroup section */
		E2C582DA1F852149006C5FA8 = {
			isa = PBXGroup;
			children = (
				E2C582E51F852149006C5FA8 /* dmyTagPage */,
				E2C582E41F852149006C5FA8 /* Products */,
			);
			sourceTree = "<group>";
		};
		E2C582E41F852149006C5FA8 /* Products */ = {
			isa = PBXGroup;
			children = (
				E2C582E31F852149006C5FA8 /* dmyTagPage.app */,
			);
			name = Products;
			sourceTree = "<group>";
		};
		E2C582E51F852149006C5FA8 /* dmyTagPage */ = {
			isa = PBXGroup;
			children = (
				E2396EEA1F867CA70040E2A7 /* close.png */,
				E2C582E61F852149006C5FA8 /* AppDelegate.h */,
				E2C582E71F852149006C5FA8 /* AppDelegate.m */,
				E2C582E91F852149006C5FA8 /* ViewController.h */,
				E2C582EA1F852149006C5FA8 /* ViewController.m */,
				E2C582F11F852149006C5FA8 /* LaunchScreen.storyboard */,
				E2C582F41F852149006C5FA8 /* Info.plist */,
				E2C582F51F852149006C5FA8 /* main.m */,
				E2C582FC1F8523D9006C5FA8 /* ChannelView.h */,
				E2C582FD1F8523D9006C5FA8 /* ChannelView.m */,
				E2C582FF1F852547006C5FA8 /* ChannelBtn.h */,
				E2C583021F85271E006C5FA8 /* ChannelBtn.m */,
				E2396EE91F866A150040E2A7 /* page-Prefix.pch */,
			);
			path = dmyTagPage;
			sourceTree = "<group>";
		};
/* End PBXGroup section */

/* Begin PBXNativeTarget section */
		E2C582E21F852149006C5FA8 /* dmyTagPage */ = {
			isa = PBXNativeTarget;
			buildConfigurationList = E2C582F91F852149006C5FA8 /* Build configuration list for PBXNativeTarget "dmyTagPage" */;
			buildPhases = (
				E2C582DF1F852149006C5FA8 /* Sources */,
				E2C582E01F852149006C5FA8 /* Frameworks */,
				E2C582E11F852149006C5FA8 /* Resources */,
			);
			buildRules = (
			);
			dependencies = (
			);
			name = dmyTagPage;
			productName = dmyTagPage;
			productReference = E2C582E31F852149006C5FA8 /* dmyTagPage.app */;
			productType = "com.apple.product-type.application";
		};
/* End PBXNativeTarget section */

/* Begin PBXProject section */
		E2C582DB1F852149006C5FA8 /* Project object */ = {
			isa = PBXProject;
			attributes = {
				LastUpgradeCheck = 0900;
				ORGANIZATIONNAME = dmy;
				TargetAttributes = {
					E2C582E21F852149006C5FA8 = {
						CreatedOnToolsVersion = 9.0;
						ProvisioningStyle = Automatic;
					};
				};
			};
			buildConfigurationList = E2C582DE1F852149006C5FA8 /* Build configuration list for PBXProject "dmyTagPage" */;
			compatibilityVersion = "Xcode 8.0";
			developmentRegion = en;
			hasScannedForEncodings = 0;
			knownRegions = (
				en,
				Base,
			);
			mainGroup = E2C582DA1F852149006C5FA8;
			productRefGroup = E2C582E41F852149006C5FA8 /* Products */;
			projectDirPath = "";
			projectRoot = "";
			targets = (
				E2C582E21F852149006C5FA8 /* dmyTagPage */,
			);
		};
/* End PBXProject section */

/* Begin PBXResourcesBuildPhase section */
		E2C582E11F852149006C5FA8 /* Resources */ = {
			isa = PBXResourcesBuildPhase;
			buildActionMask = 2147483647;
			files = (
				E2396EEB1F867CA70040E2A7 /* close.png in Resources */,
				E2C582F31F852149006C5FA8 /* LaunchScreen.storyboard in Resources */,
			);
			runOnlyForDeploymentPostprocessing = 0;
		};
/* End PBXResourcesBuildPhase section */

/* Begin PBXSourcesBuildPhase section */
		E2C582DF1F852149006C5FA8 /* Sources */ = {
			isa = PBXSourcesBuildPhase;
			buildActionMask = 2147483647;
			files = (
				E2C582FE1F8523D9006C5FA8 /* ChannelView.m in Sources */,
				E2C582EB1F852149006C5FA8 /* ViewController.m in Sources */,
				E2C582F61F852149006C5FA8 /* main.m in Sources */,
				E2C583031F85271E006C5FA8 /* ChannelBtn.m in Sources */,
				E2C582E81F852149006C5FA8 /* AppDelegate.m in Sources */,
			);
			runOnlyForDeploymentPostprocessing = 0;
		};
/* End PBXSourcesBuildPhase section */

/* Begin PBXVariantGroup section */
		E2C582F11F852149006C5FA8 /* LaunchScreen.storyboard */ = {
			isa = PBXVariantGroup;
			children = (
				E2C582F21F852149006C5FA8 /* Base */,
			);
			name = LaunchScreen.storyboard;
			sourceTree = "<group>";
		};
/* End PBXVariantGroup section */

/* Begin XCBuildConfiguration section */
		E2C582F71F852149006C5FA8 /* Debug */ = {
			isa = XCBuildConfiguration;
			buildSettings = {
				ALWAYS_SEARCH_USER_PATHS = NO;
				CLANG_ANALYZER_NONNULL = YES;
				CLANG_ANALYZER_NUMBER_OBJECT_CONVERSION = YES_AGGRESSIVE;
				CLANG_CXX_LANGUAGE_STANDARD = "gnu++14";
				CLANG_CXX_LIBRARY = "libc++";
				CLANG_ENABLE_MODULES = YES;
				CLANG_ENABLE_OBJC_ARC = YES;
				CLANG_WARN_BLOCK_CAPTURE_AUTORELEASING = YES;
				CLANG_WARN_BOOL_CONVERSION = YES;
				CLANG_WARN_COMMA = YES;
				CLANG_WARN_CONSTANT_CONVERSION = YES;
				CLANG_WARN_DIRECT_OBJC_ISA_USAGE = YES_ERROR;
				CLANG_WARN_DOCUMENTATION_COMMENTS = YES;
				CLANG_WARN_EMPTY_BODY = YES;
				CLANG_WARN_ENUM_CONVERSION = YES;
				CLANG_WARN_INFINITE_RECURSION = YES;
				CLANG_WARN_INT_CONVERSION = YES;
				CLANG_WARN_NON_LITERAL_NULL_CONVERSION = YES;
				CLANG_WARN_OBJC_LITERAL_CONVERSION = YES;
				CLANG_WARN_OBJC_ROOT_CLASS = YES_ERROR;
				CLANG_WARN_RANGE_LOOP_ANALYSIS = YES;
				CLANG_WARN_STRICT_PROTOTYPES = YES;
				CLANG_WARN_SUSPICIOUS_MOVE = YES;
				CLANG_WARN_UNGUARDED_AVAILABILITY = YES_AGGRESSIVE;
				CLANG_WARN_UNREACHABLE_CODE = YES;
				CLANG_WARN__DUPLICATE_METHOD_MATCH = YES;
				CODE_SIGN_IDENTITY = "iPhone Developer";
				COPY_PHASE_STRIP = NO;
				DEBUG_INFORMATION_FORMAT = dwarf;
				ENABLE_STRICT_OBJC_MSGSEND = YES;
				ENABLE_TESTABILITY = YES;
				GCC_C_LANGUAGE_STANDARD = gnu11;
				GCC_DYNAMIC_NO_PIC = NO;
				GCC_NO_COMMON_BLOCKS = YES;
				GCC_OPTIMIZATION_LEVEL = 0;
				GCC_PREPROCESSOR_DEFINITIONS = (
					"DEBUG=1",
					"$(inherited)",
				);
				GCC_WARN_64_TO_32_BIT_CONVERSION = YES;
				GCC_WARN_ABOUT_RETURN_TYPE = YES_ERROR;
				GCC_WARN_UNDECLARED_SELECTOR = YES;
				GCC_WARN_UNINITIALIZED_AUTOS = YES_AGGRESSIVE;
				GCC_WARN_UNUSED_FUNCTION = YES;
				GCC_WARN_UNUSED_VARIABLE = YES;
				IPHONEOS_DEPLOYMENT_TARGET = 11.0;
				MTL_ENABLE_DEBUG_INFO = YES;
				ONLY_ACTIVE_ARCH = YES;
				SDKROOT = iphoneos;
			};
			name = Debug;
		};
		E2C582F81F852149006C5FA8 /* Release */ = {
			isa = XCBuildConfiguration;
			buildSettings = {
				ALWAYS_SEARCH_USER_PATHS = NO;
				CLANG_ANALYZER_NONNULL = YES;
				CLANG_ANALYZER_NUMBER_OBJECT_CONVERSION = YES_AGGRESSIVE;
				CLANG_CXX_LANGUAGE_STANDARD = "gnu++14";
				CLANG_CXX_LIBRARY = "libc++";
				CLANG_ENABLE_MODULES = YES;
				CLANG_ENABLE_OBJC_ARC = YES;
				CLANG_WARN_BLOCK_CAPTURE_AUTORELEASING = YES;
				CLANG_WARN_BOOL_CONVERSION = YES;
				CLANG_WARN_COMMA = YES;
				CLANG_WARN_CONSTANT_CONVERSION = YES;
				CLANG_WARN_DIRECT_OBJC_ISA_USAGE = YES_ERROR;
				CLANG_WARN_DOCUMENTATION_COMMENTS = YES;
				CLANG_WARN_EMPTY_BODY = YES;
				CLANG_WARN_ENUM_CONVERSION = YES;
				CLANG_WARN_INFINITE_RECURSION = YES;
				CLANG_WARN_INT_CONVERSION = YES;
				CLANG_WARN_NON_LITERAL_NULL_CONVERSION = YES;
				CLANG_WARN_OBJC_LITERAL_CONVERSION = YES;
				CLANG_WARN_OBJC_ROOT_CLASS = YES_ERROR;
				CLANG_WARN_RANGE_LOOP_ANALYSIS = YES;
				CLANG_WARN_STRICT_PROTOTYPES = YES;
				CLANG_WARN_SUSPICIOUS_MOVE = YES;
				CLANG_WARN_UNGUARDED_AVAILABILITY = YES_AGGRESSIVE;
				CLANG_WARN_UNREACHABLE_CODE = YES;
				CLANG_WARN__DUPLICATE_METHOD_MATCH = YES;
				CODE_SIGN_IDENTITY = "iPhone Developer";
				COPY_PHASE_STRIP = NO;
				DEBUG_INFORMATION_FORMAT = "dwarf-with-dsym";
				ENABLE_NS_ASSERTIONS = NO;
				ENABLE_STRICT_OBJC_MSGSEND = YES;
				GCC_C_LANGUAGE_STANDARD = gnu11;
				GCC_NO_COMMON_BLOCKS = YES;
				GCC_WARN_64_TO_32_BIT_CONVERSION = YES;
				GCC_WARN_ABOUT_RETURN_TYPE = YES_ERROR;
				GCC_WARN_UNDECLARED_SELECTOR = YES;
				GCC_WARN_UNINITIALIZED_AUTOS = YES_AGGRESSIVE;
				GCC_WARN_UNUSED_FUNCTION = YES;
				GCC_WARN_UNUSED_VARIABLE = YES;
				IPHONEOS_DEPLOYMENT_TARGET = 11.0;
				MTL_ENABLE_DEBUG_INFO = NO;
				SDKROOT = iphoneos;
				VALIDATE_PRODUCT = YES;
			};
			name = Release;
		};
		E2C582FA1F852149006C5FA8 /* Debug */ = {
			isa = XCBuildConfiguration;
			buildSettings = {
				CODE_SIGN_STYLE = Automatic;
				DEVELOPMENT_TEAM = F3V25TLD56;
				GCC_PRECOMPILE_PREFIX_HEADER = YES;
				GCC_PREFIX_HEADER = "$(SRCROOT)/dmyTagPage/page-Prefix.pch";
				HEADER_SEARCH_PATHS = "";
				INFOPLIST_FILE = dmyTagPage/Info.plist;
				LD_RUNPATH_SEARCH_PATHS = "$(inherited) @executable_path/Frameworks";
				PRODUCT_BUNDLE_IDENTIFIER = com.dog.learn;
				PRODUCT_NAME = "$(TARGET_NAME)";
				TARGETED_DEVICE_FAMILY = "1,2";
			};
			name = Debug;
		};
		E2C582FB1F852149006C5FA8 /* Release */ = {
			isa = XCBuildConfiguration;
			buildSettings = {
				CODE_SIGN_STYLE = Automatic;
				DEVELOPMENT_TEAM = F3V25TLD56;
				GCC_PRECOMPILE_PREFIX_HEADER = YES;
				GCC_PREFIX_HEADER = "$(SRCROOT)/dmyTagPage/page-Prefix.pch";
				HEADER_SEARCH_PATHS = "";
				INFOPLIST_FILE = dmyTagPage/Info.plist;
				LD_RUNPATH_SEARCH_PATHS = "$(inherited) @executable_path/Frameworks";
				PRODUCT_BUNDLE_IDENTIFIER = com.dog.learn;
				PRODUCT_NAME = "$(TARGET_NAME)";
				TARGETED_DEVICE_FAMILY = "1,2";
			};
			name = Release;
		};
/* End XCBuildConfiguration section */

/* Begin XCConfigurationList section */
		E2C582DE1F852149006C5FA8 /* Build configuration list for PBXProject "dmyTagPage" */ = {
			isa = XCConfigurationList;
			buildConfigurations = (
				E2C582F71F852149006C5FA8 /* Debug */,
				E2C582F81F852149006C5FA8 /* Release */,
			);
			defaultConfigurationIsVisible = 0;
			defaultConfigurationName = Release;
		};
		E2C582F91F852149006C5FA8 /* Build configuration list for PBXNativeTarget "dmyTagPage" */ = {
			isa = XCConfigurationList;
			buildConfigurations = (
				E2C582FA1F852149006C5FA8 /* Debug */,
				E2C582FB1F852149006C5FA8 /* Release */,
			);
			defaultConfigurationIsVisible = 0;
			defaultConfigurationName = Release;
		};
/* End XCConfigurationList section */
	};
	rootObject = E2C582DB1F852149006C5FA8 /* Project object */;
}
